// !$*UTF8*$!
{
	archiveVersion = 1;
	classes = {
	};
	objectVersion = 50;
	objects = {

/* Begin PBXBuildFile section */
		7C494CFB21F1354B0088F774 /* WaveSurfaceRenderer.swift in Sources */ = {isa = PBXBuildFile; fileRef = 7C494CFA21F1354B0088F774 /* WaveSurfaceRenderer.swift */; };
		7CDCE46821E4EA0300456EC4 /* AppDelegate.swift in Sources */ = {isa = PBXBuildFile; fileRef = 7CDCE46721E4EA0300456EC4 /* AppDelegate.swift */; };
		7CDCE46A21E4EA0300456EC4 /* ViewController.swift in Sources */ = {isa = PBXBuildFile; fileRef = 7CDCE46921E4EA0300456EC4 /* ViewController.swift */; };
		7CDCE46D21E4EA0300456EC4 /* Main.storyboard in Resources */ = {isa = PBXBuildFile; fileRef = 7CDCE46B21E4EA0300456EC4 /* Main.storyboard */; };
		7CDCE46F21E4EA0400456EC4 /* Assets.xcassets in Resources */ = {isa = PBXBuildFile; fileRef = 7CDCE46E21E4EA0400456EC4 /* Assets.xcassets */; };
		7CDCE47221E4EA0400456EC4 /* LaunchScreen.storyboard in Resources */ = {isa = PBXBuildFile; fileRef = 7CDCE47021E4EA0400456EC4 /* LaunchScreen.storyboard */; };
		7CDCE47A21E4EA7A00456EC4 /* Shaders.metal in Sources */ = {isa = PBXBuildFile; fileRef = 7CDCE47921E4EA7A00456EC4 /* Shaders.metal */; };
/* End PBXBuildFile section */

/* Begin PBXFileReference section */
		7C494CFA21F1354B0088F774 /* WaveSurfaceRenderer.swift */ = {isa = PBXFileReference; lastKnownFileType = sourcecode.swift; path = WaveSurfaceRenderer.swift; sourceTree = "<group>"; };
		7CDCE46421E4EA0300456EC4 /* WaveEffect.app */ = {isa = PBXFileReference; explicitFileType = wrapper.application; includeInIndex = 0; path = WaveEffect.app; sourceTree = BUILT_PRODUCTS_DIR; };
		7CDCE46721E4EA0300456EC4 /* AppDelegate.swift */ = {isa = PBXFileReference; lastKnownFileType = sourcecode.swift; path = AppDelegate.swift; sourceTree = "<group>"; };
		7CDCE46921E4EA0300456EC4 /* ViewController.swift */ = {isa = PBXFileReference; lastKnownFileType = sourcecode.swift; path = ViewController.swift; sourceTree = "<group>"; };
		7CDCE46C21E4EA0300456EC4 /* Base */ = {isa = PBXFileReference; lastKnownFileType = file.storyboard; name = Base; path = Base.lproj/Main.storyboard; sourceTree = "<group>"; };
		7CDCE46E21E4EA0400456EC4 /* Assets.xcassets */ = {isa = PBXFileReference; lastKnownFileType = folder.assetcatalog; path = Assets.xcassets; sourceTree = "<group>"; };
		7CDCE47121E4EA0400456EC4 /* Base */ = {isa = PBXFileReference; lastKnownFileType = file.storyboard; name = Base; path = Base.lproj/LaunchScreen.storyboard; sourceTree = "<group>"; };
		7CDCE47321E4EA0400456EC4 /* Info.plist */ = {isa = PBXFileReference; lastKnownFileType = text.plist.xml; path = Info.plist; sourceTree = "<group>"; };
		7CDCE47921E4EA7A00456EC4 /* Shaders.metal */ = {isa = PBXFileReference; fileEncoding = 4; lastKnownFileType = sourcecode.metal; path = Shaders.metal; sourceTree = "<group>"; };
/* End PBXFileReference section */

/* Begin PBXFrameworksBuildPhase section */
		7CDCE46121E4EA0300456EC4 /* Frameworks */ = {
			isa = PBXFrameworksBuildPhase;
			buildActionMask = 2147483647;
			files = (
			);
			runOnlyForDeploymentPostprocessing = 0;
		};
/* End PBXFrameworksBuildPhase section */

/* Begin PBXGroup section */
		7CDCE45B21E4EA0300456EC4 = {
			isa = PBXGroup;
			children = (
				7CDCE46621E4EA0300456EC4 /* WaveEffect */,
				7CDCE46521E4EA0300456EC4 /* Products */,
			);
			sourceTree = "<group>";
		};
		7CDCE46521E4EA0300456EC4 /* Products */ = {
			isa = PBXGroup;
			children = (
				7CDCE46421E4EA0300456EC4 /* WaveEffect.app */,
			);
			name = Products;
			sourceTree = "<group>";
		};
		7CDCE46621E4EA0300456EC4 /* WaveEffect */ = {
			isa = PBXGroup;
			children = (
				7CDCE47921E4EA7A00456EC4 /* Shaders.metal */,
				7CDCE46721E4EA0300456EC4 /* AppDelegate.swift */,
				7CDCE46921E4EA0300456EC4 /* ViewController.swift */,
				7CDCE46B21E4EA0300456EC4 /* Main.storyboard */,
				7CDCE46E21E4EA0400456EC4 /* Assets.xcassets */,
				7CDCE47021E4EA0400456EC4 /* LaunchScreen.storyboard */,
				7CDCE47321E4EA0400456EC4 /* Info.plist */,
				7C494CFA21F1354B0088F774 /* WaveSurfaceRenderer.swift */,
			);
			path = WaveEffect;
			sourceTree = "<group>";
		};
/* End PBXGroup section */

/* Begin PBXNativeTarget section */
		7CDCE46321E4EA0300456EC4 /* WaveEffect */ = {
			isa = PBXNativeTarget;
			buildConfigurationList = 7CDCE47621E4EA0400456EC4 /* Build configuration list for PBXNativeTarget "WaveEffect" */;
			buildPhases = (
				7CDCE46021E4EA0300456EC4 /* Sources */,
				7CDCE46121E4EA0300456EC4 /* Frameworks */,
				7CDCE46221E4EA0300456EC4 /* Resources */,
			);
			buildRules = (
			);
			dependencies = (
			);
			name = WaveEffect;
			productName = WaveEffect;
			productReference = 7CDCE46421E4EA0300456EC4 /* WaveEffect.app */;
			productType = "com.apple.product-type.application";
		};
/* End PBXNativeTarget section */

/* Begin PBXProject section */
		7CDCE45C21E4EA0300456EC4 /* Project object */ = {
			isa = PBXProject;
			attributes = {
				LastSwiftUpdateCheck = 1010;
				LastUpgradeCheck = 1010;
				ORGANIZATIONNAME = eclight;
				TargetAttributes = {
					7CDCE46321E4EA0300456EC4 = {
						CreatedOnToolsVersion = 10.1;
					};
				};
			};
			buildConfigurationList = 7CDCE45F21E4EA0300456EC4 /* Build configuration list for PBXProject "WaveEffect" */;
			compatibilityVersion = "Xcode 9.3";
			developmentRegion = en;
			hasScannedForEncodings = 0;
			knownRegions = (
				en,
				Base,
			);
			mainGroup = 7CDCE45B21E4EA0300456EC4;
			productRefGroup = 7CDCE46521E4EA0300456EC4 /* Products */;
			projectDirPath = "";
			projectRoot = "";
			targets = (
				7CDCE46321E4EA0300456EC4 /* WaveEffect */,
			);
		};
/* End PBXProject section */

/* Begin PBXResourcesBuildPhase section */
		7CDCE46221E4EA0300456EC4 /* Resources */ = {
			isa = PBXResourcesBuildPhase;
			buildActionMask = 2147483647;
			files = (
				7CDCE47221E4EA0400456EC4 /* LaunchScreen.storyboard in Resources */,
				7CDCE46F21E4EA0400456EC4 /* Assets.xcassets in Resources */,
				7CDCE46D21E4EA0300456EC4 /* Main.storyboard in Resources */,
			);
			runOnlyForDeploymentPostprocessing = 0;
		};
/* End PBXResourcesBuildPhase section */

/* Begin PBXSourcesBuildPhase section */
		7CDCE46021E4EA0300456EC4 /* Sources */ = {
			isa = PBXSourcesBuildPhase;
			buildActionMask = 2147483647;
			files = (
				7CDCE47A21E4EA7A00456EC4 /* Shaders.metal in Sources */,
				7C494CFB21F1354B0088F774 /* WaveSurfaceRenderer.swift in Sources */,
				7CDCE46A21E4EA0300456EC4 /* ViewController.swift in Sources */,
				7CDCE46821E4EA0300456EC4 /* AppDelegate.swift in Sources */,
			);
			runOnlyForDeploymentPostprocessing = 0;
		};
/* End PBXSourcesBuildPhase section */

/* Begin PBXVariantGroup section */
		7CDCE46B21E4EA0300456EC4 /* Main.storyboard */ = {
			isa = PBXVariantGroup;
			children = (
				7CDCE46C21E4EA0300456EC4 /* Base */,
			);
			name = Main.storyboard;
			sourceTree = "<group>";
		};
		7CDCE47021E4EA0400456EC4 /* LaunchScreen.storyboard */ = {
			isa = PBXVariantGroup;
			children = (
				7CDCE47121E4EA0400456EC4 /* Base */,
			);
			name = LaunchScreen.storyboard;
			sourceTree = "<group>";
		};
/* End PBXVariantGroup section */

/* Begin XCBuildConfiguration section */
		7CDCE47421E4EA0400456EC4 /* Debug */ = {
			isa = XCBuildConfiguration;
			buildSettings = {
				ALWAYS_SEARCH_USER_PATHS = NO;
				CLANG_ANALYZER_NONNULL = YES;
				CLANG_ANALYZER_NUMBER_OBJECT_CONVERSION = YES_AGGRESSIVE;
				CLANG_CXX_LANGUAGE_STANDARD = "gnu++14";
				CLANG_CXX_LIBRARY = "libc++";
				CLANG_ENABLE_MODULES = YES;
				CLANG_ENABLE_OBJC_ARC = YES;
				CLANG_ENABLE_OBJC_WEAK = YES;
				CLANG_WARN_BLOCK_CAPTURE_AUTORELEASING = YES;
				CLANG_WARN_BOOL_CONVERSION = YES;
				CLANG_WARN_COMMA = YES;
				CLANG_WARN_CONSTANT_CONVERSION = YES;
				CLANG_WARN_DEPRECATED_OBJC_IMPLEMENTATIONS = YES;
				CLANG_WARN_DIRECT_OBJC_ISA_USAGE = YES_ERROR;
				CLANG_WARN_DOCUMENTATION_COMMENTS = YES;
				CLANG_WARN_EMPTY_BODY = YES;
				CLANG_WARN_ENUM_CONVERSION = YES;
				CLANG_WARN_INFINITE_RECURSION = YES;
				CLANG_WARN_INT_CONVERSION = YES;
				CLANG_WARN_NON_LITERAL_NULL_CONVERSION = YES;
				CLANG_WARN_OBJC_IMPLICIT_RETAIN_SELF = YES;
				CLANG_WARN_OBJC_LITERAL_CONVERSION = YES;
				CLANG_WARN_OBJC_ROOT_CLASS = YES_ERROR;
				CLANG_WARN_RANGE_LOOP_ANALYSIS = YES;
				CLANG_WARN_STRICT_PROTOTYPES = YES;
				CLANG_WARN_SUSPICIOUS_MOVE = YES;
				CLANG_WARN_UNGUARDED_AVAILABILITY = YES_AGGRESSIVE;
				CLANG_WARN_UNREACHABLE_CODE = YES;
				CLANG_WARN__DUPLICATE_METHOD_MATCH = YES;
				CODE_SIGN_IDENTITY = "iPhone Developer";
				COPY_PHASE_STRIP = NO;
				DEBUG_INFORMATION_FORMAT = dwarf;
				ENABLE_STRICT_OBJC_MSGSEND = YES;
				ENABLE_TESTABILITY = YES;
				GCC_C_LANGUAGE_STANDARD = gnu11;
				GCC_DYNAMIC_NO_PIC = NO;
				GCC_NO_COMMON_BLOCKS = YES;
				GCC_OPTIMIZATION_LEVEL = 0;
				GCC_PREPROCESSOR_DEFINITIONS = (
					"DEBUG=1",
					"$(inherited)",
				);
				GCC_WARN_64_TO_32_BIT_CONVERSION = YES;
				GCC_WARN_ABOUT_RETURN_TYPE = YES_ERROR;
				GCC_WARN_UNDECLARED_SELECTOR = YES;
				GCC_WARN_UNINITIALIZED_AUTOS = YES_AGGRESSIVE;
				GCC_WARN_UNUSED_FUNCTION = YES;
				GCC_WARN_UNUSED_VARIABLE = YES;
				IPHONEOS_DEPLOYMENT_TARGET = 12.1;
				MTL_ENABLE_DEBUG_INFO = INCLUDE_SOURCE;
				MTL_FAST_MATH = YES;
				ONLY_ACTIVE_ARCH = YES;
				SDKROOT = iphoneos;
				SWIFT_ACTIVE_COMPILATION_CONDITIONS = DEBUG;
				SWIFT_OPTIMIZATION_LEVEL = "-Onone";
			};
			name = Debug;
		};
		7CDCE47521E4EA0400456EC4 /* Release */ = {
			isa = XCBuildConfiguration;
			buildSettings = {
				ALWAYS_SEARCH_USER_PATHS = NO;
				CLANG_ANALYZER_NONNULL = YES;
				CLANG_ANALYZER_NUMBER_OBJECT_CONVERSION = YES_AGGRESSIVE;
				CLANG_CXX_LANGUAGE_STANDARD = "gnu++14";
				CLANG_CXX_LIBRARY = "libc++";
				CLANG_ENABLE_MODULES = YES;
				CLANG_ENABLE_OBJC_ARC = YES;
				CLANG_ENABLE_OBJC_WEAK = YES;
				CLANG_WARN_BLOCK_CAPTURE_AUTORELEASING = YES;
				CLANG_WARN_BOOL_CONVERSION = YES;
				CLANG_WARN_COMMA = YES;
				CLANG_WARN_CONSTANT_CONVERSION = YES;
				CLANG_WARN_DEPRECATED_OBJC_IMPLEMENTATIONS = YES;
				CLANG_WARN_DIRECT_OBJC_ISA_USAGE = YES_ERROR;
				CLANG_WARN_DOCUMENTATION_COMMENTS = YES;
				CLANG_WARN_EMPTY_BODY = YES;
				CLANG_WARN_ENUM_CONVERSION = YES;
				CLANG_WARN_INFINITE_RECURSION = YES;
				CLANG_WARN_INT_CONVERSION = YES;
				CLANG_WARN_NON_LITERAL_NULL_CONVERSION = YES;
				CLANG_WARN_OBJC_IMPLICIT_RETAIN_SELF = YES;
				CLANG_WARN_OBJC_LITERAL_CONVERSION = YES;
				CLANG_WARN_OBJC_ROOT_CLASS = YES_ERROR;
				CLANG_WARN_RANGE_LOOP_ANALYSIS = YES;
				CLANG_WARN_STRICT_PROTOTYPES = YES;
				CLANG_WARN_SUSPICIOUS_MOVE = YES;
				CLANG_WARN_UNGUARDED_AVAILABILITY = YES_AGGRESSIVE;
				CLANG_WARN_UNREACHABLE_CODE = YES;
				CLANG_WARN__DUPLICATE_METHOD_MATCH = YES;
				CODE_SIGN_IDENTITY = "iPhone Developer";
				COPY_PHASE_STRIP = NO;
				DEBUG_INFORMATION_FORMAT = "dwarf-with-dsym";
				ENABLE_NS_ASSERTIONS = NO;
				ENABLE_STRICT_OBJC_MSGSEND = YES;
				GCC_C_LANGUAGE_STANDARD = gnu11;
				GCC_NO_COMMON_BLOCKS = YES;
				GCC_WARN_64_TO_32_BIT_CONVERSION = YES;
				GCC_WARN_ABOUT_RETURN_TYPE = YES_ERROR;
				GCC_WARN_UNDECLARED_SELECTOR = YES;
				GCC_WARN_UNINITIALIZED_AUTOS = YES_AGGRESSIVE;
				GCC_WARN_UNUSED_FUNCTION = YES;
				GCC_WARN_UNUSED_VARIABLE = YES;
				IPHONEOS_DEPLOYMENT_TARGET = 12.1;
				MTL_ENABLE_DEBUG_INFO = NO;
				MTL_FAST_MATH = YES;
				SDKROOT = iphoneos;
				SWIFT_COMPILATION_MODE = wholemodule;
				SWIFT_OPTIMIZATION_LEVEL = "-O";
				VALIDATE_PRODUCT = YES;
			};
			name = Release;
		};
		7CDCE47721E4EA0400456EC4 /* Debug */ = {
			isa = XCBuildConfiguration;
			buildSettings = {
				ASSETCATALOG_COMPILER_APPICON_NAME = AppIcon;
				CODE_SIGN_STYLE = Automatic;
				DEVELOPMENT_TEAM = 459GNPFQ87;
				INFOPLIST_FILE = WaveEffect/Info.plist;
				LD_RUNPATH_SEARCH_PATHS = (
					"$(inherited)",
					"@executable_path/Frameworks",
				);
				MTL_COMPILER_FLAGS = "-fno-fast-math";
				PRODUCT_BUNDLE_IDENTIFIER = eclight.WaveEffect;
				PRODUCT_NAME = "$(TARGET_NAME)";
				SWIFT_VERSION = 4.2;
				TARGETED_DEVICE_FAMILY = "1,2";
			};
			name = Debug;
		};
		7CDCE47821E4EA0400456EC4 /* Release */ = {
			isa = XCBuildConfiguration;
			buildSettings = {
				ASSETCATALOG_COMPILER_APPICON_NAME = AppIcon;
				CODE_SIGN_STYLE = Automatic;
				DEVELOPMENT_TEAM = 459GNPFQ87;
				INFOPLIST_FILE = WaveEffect/Info.plist;
				LD_RUNPATH_SEARCH_PATHS = (
					"$(inherited)",
					"@executable_path/Frameworks",
				);
				MTL_COMPILER_FLAGS = "-fno-fast-math";
				PRODUCT_BUNDLE_IDENTIFIER = eclight.WaveEffect;
				PRODUCT_NAME = "$(TARGET_NAME)";
				SWIFT_VERSION = 4.2;
				TARGETED_DEVICE_FAMILY = "1,2";
			};
			name = Release;
		};
/* End XCBuildConfiguration section */

/* Begin XCConfigurationList section */
		7CDCE45F21E4EA0300456EC4 /* Build configuration list for PBXProject "WaveEffect" */ = {
			isa = XCConfigurationList;
			buildConfigurations = (
				7CDCE47421E4EA0400456EC4 /* Debug */,
				7CDCE47521E4EA0400456EC4 /* Release */,
			);
			defaultConfigurationIsVisible = 0;
			defaultConfigurationName = Release;
		};
		7CDCE47621E4EA0400456EC4 /* Build configuration list for PBXNativeTarget "WaveEffect" */ = {
			isa = XCConfigurationList;
			buildConfigurations = (
				7CDCE47721E4EA0400456EC4 /* Debug */,
				7CDCE47821E4EA0400456EC4 /* Release */,
			);
			defaultConfigurationIsVisible = 0;
			defaultConfigurationName = Release;
		};
/* End XCConfigurationList section */
	};
	rootObject = 7CDCE45C21E4EA0300456EC4 /* Project object */;
}
